
Microsoft Visual Studio Solution File, Format Version 12.00
# Visual Studio Version 16
VisualStudioVersion = 16.0.30114.105
MinimumVisualStudioVersion = 10.0.40219.1
Project("{FAE04EC0-301F-11D3-BF4B-00C04F79EFBC}") = "AEGymBook.Server", "Server\AEGymBook.Server.csproj", "{0365ED3E-ED51-4741-B423-FAA2B069CFFA}"
EndProject
Project("{FAE04EC0-301F-11D3-BF4B-00C04F79EFBC}") = "AEGymBook.Client", "Client\AEGymBook.Client.csproj", "{0C7BF1A2-9A8C-4D71-99C1-FB3D42DE95A3}"
EndProject
Project("{FAE04EC0-301F-11D3-BF4B-00C04F79EFBC}") = "AEGymBook.Shared", "Shared\AEGymBook.Shared.csproj", "{D0DCC8E4-D6BA-4949-AA40-206A17A68498}"
EndProject
Global
	GlobalSection(SolutionConfigurationPlatforms) = preSolution
		Debug|Any CPU = Debug|Any CPU
		Release|Any CPU = Release|Any CPU
	EndGlobalSection
	GlobalSection(ProjectConfigurationPlatforms) = postSolution
		{0365ED3E-ED51-4741-B423-FAA2B069CFFA}.Debug|Any CPU.ActiveCfg = Debug|Any CPU
		{0365ED3E-ED51-4741-B423-FAA2B069CFFA}.Debug|Any CPU.Build.0 = Debug|Any CPU
		{0365ED3E-ED51-4741-B423-FAA2B069CFFA}.Release|Any CPU.ActiveCfg = Release|Any CPU
		{0365ED3E-ED51-4741-B423-FAA2B069CFFA}.Release|Any CPU.Build.0 = Release|Any CPU
		{0C7BF1A2-9A8C-4D71-99C1-FB3D42DE95A3}.Debug|Any CPU.ActiveCfg = Debug|Any CPU
		{0C7BF1A2-9A8C-4D71-99C1-FB3D42DE95A3}.Debug|Any CPU.Build.0 = Debug|Any CPU
		{0C7BF1A2-9A8C-4D71-99C1-FB3D42DE95A3}.Release|Any CPU.ActiveCfg = Release|Any CPU
		{0C7BF1A2-9A8C-4D71-99C1-FB3D42DE95A3}.Release|Any CPU.Build.0 = Release|Any CPU
		{D0DCC8E4-D6BA-4949-AA40-206A17A68498}.Debug|Any CPU.ActiveCfg = Debug|Any CPU
		{D0DCC8E4-D6BA-4949-AA40-206A17A68498}.Debug|Any CPU.Build.0 = Debug|Any CPU
		{D0DCC8E4-D6BA-4949-AA40-206A17A68498}.Release|Any CPU.ActiveCfg = Release|Any CPU
		{D0DCC8E4-D6BA-4949-AA40-206A17A68498}.Release|Any CPU.Build.0 = Release|Any CPU
	EndGlobalSection
	GlobalSection(SolutionProperties) = preSolution
		HideSolutionNode = FALSE
	EndGlobalSection
	GlobalSection(ExtensibilityGlobals) = postSolution
		SolutionGuid = {F933042C-7F2A-4AE9-A20B-6F348C9ABDC7}
	EndGlobalSection
EndGlobal
